dependencies:
- name: minicloud-app-deployment
  repository: oci://ghcr.io/andrelair-platform
  version: 0.4.0
- name: minicloud-app-deployment
  repository: oci://ghcr.io/andrelair-platform
  version: 0.4.0
digest: sha256:50a86ab736f9f058bf6fe3b3ca1b71cdc47ea7ab133faa648a31c21dd46d1d9e
generated: "2026-09-28T23:15:45.494186+02:00"
